
Microsoft Visual Studio Solution File, Format Version 12.00
# Visual Studio Version 16
VisualStudioVersion = 16.0.30621.155
MinimumVisualStudioVersion = 10.0.40219.1
Project("{9A19103F-16F7-4668-BE54-9A1E7A4F7556}") = "Seq.App.Azure.DevOps", "src\Seq.App.Azure.DevOps\Seq.App.Azure.DevOps.csproj", "{91D16842-EA68-4BA0-8427-DF6EBFD7B90F}"
EndProject
Project("{2150E333-8FDC-42A3-9474-1A3956D46DE8}") = "Solution Files", "Solution Files", "{9B34AEE8-67B7-4859-930D-2CEBBDDAADD6}"
	ProjectSection(SolutionItems) = preProject
		.gitattributes = .gitattributes
		.gitignore = .gitignore
		appveyor.yml = appveyor.yml
		build.ps1 = build.ps1
		LICENSE = LICENSE
		readme.md = readme.md
	EndProjectSection
EndProject
Project("{2150E333-8FDC-42A3-9474-1A3956D46DE8}") = "Assets", "Assets", "{D328AD71-CB39-4477-8CF0-3C608DEB1573}"
	ProjectSection(SolutionItems) = preProject
		assets\devopssuite.png = assets\devopssuite.png
		assets\ExampleBugSetup.png = assets\ExampleBugSetup.png
	EndProjectSection
EndProject
Global
	GlobalSection(SolutionConfigurationPlatforms) = preSolution
		Debug|Any CPU = Debug|Any CPU
		Release|Any CPU = Release|Any CPU
	EndGlobalSection
	GlobalSection(ProjectConfigurationPlatforms) = postSolution
		{91D16842-EA68-4BA0-8427-DF6EBFD7B90F}.Debug|Any CPU.ActiveCfg = Debug|Any CPU
		{91D16842-EA68-4BA0-8427-DF6EBFD7B90F}.Debug|Any CPU.Build.0 = Debug|Any CPU
		{91D16842-EA68-4BA0-8427-DF6EBFD7B90F}.Release|Any CPU.ActiveCfg = Release|Any CPU
		{91D16842-EA68-4BA0-8427-DF6EBFD7B90F}.Release|Any CPU.Build.0 = Release|Any CPU
	EndGlobalSection
	GlobalSection(SolutionProperties) = preSolution
		HideSolutionNode = FALSE
	EndGlobalSection
	GlobalSection(NestedProjects) = preSolution
		{D328AD71-CB39-4477-8CF0-3C608DEB1573} = {9B34AEE8-67B7-4859-930D-2CEBBDDAADD6}
	EndGlobalSection
	GlobalSection(ExtensibilityGlobals) = postSolution
		SolutionGuid = {1FA60EBB-AE2D-4E85-BC39-B6C408EC22DF}
	EndGlobalSection
EndGlobal
